
Microsoft Visual Studio Solution File, Format Version 12.00
# Visual Studio Version 17
VisualStudioVersion = 17.0.31903.59
MinimumVisualStudioVersion = 10.0.40219.1
Project("{2150E333-8FDC-42A3-9474-1A3956D46DE8}") = "src", "src", "{C472B32E-C52F-40A6-A53C-251D8437F76A}"
EndProject
Project("{FAE04EC0-301F-11D3-BF4B-00C04F79EFBC}") = "LiveSplit.PossibleTimeSave", "src\LiveSplit.PossibleTimeSave\LiveSplit.PossibleTimeSave.csproj", "{F5C4162E-DBCD-46B2-B6E7-47BCACA333AB}"
EndProject
Global
	GlobalSection(SolutionConfigurationPlatforms) = preSolution
		Debug|Any CPU = Debug|Any CPU
		Release|Any CPU = Release|Any CPU
	EndGlobalSection
	GlobalSection(SolutionProperties) = preSolution
		HideSolutionNode = FALSE
	EndGlobalSection
	GlobalSection(ProjectConfigurationPlatforms) = postSolution
		{F5C4162E-DBCD-46B2-B6E7-47BCACA333AB}.Debug|Any CPU.ActiveCfg = Debug|Any CPU
		{F5C4162E-DBCD-46B2-B6E7-47BCACA333AB}.Debug|Any CPU.Build.0 = Debug|Any CPU
		{F5C4162E-DBCD-46B2-B6E7-47BCACA333AB}.Release|Any CPU.ActiveCfg = Release|Any CPU
		{F5C4162E-DBCD-46B2-B6E7-47BCACA333AB}.Release|Any CPU.Build.0 = Release|Any CPU
	EndGlobalSection
	GlobalSection(NestedProjects) = preSolution
		{F5C4162E-DBCD-46B2-B6E7-47BCACA333AB} = {C472B32E-C52F-40A6-A53C-251D8437F76A}
	EndGlobalSection
EndGlobal
